
Microsoft Visual Studio Solution File, Format Version 12.00
# Visual Studio Version 17
VisualStudioVersion = 17.5.33627.172
MinimumVisualStudioVersion = 10.0.40219.1
Project("{9A19103F-16F7-4668-BE54-9A1E7A4F7556}") = "SudokuSolver", "SudokuSolver\SudokuSolver.csproj", "{A32267A8-5EE0-40E6-A5E3-2930F70E52A1}"
EndProject
Project("{FAE04EC0-301F-11D3-BF4B-00C04F79EFBC}") = "SudokuSolver.Models", "SudokuSolver.Models\SudokuSolver.Models.csproj", "{BAD315E5-4677-4964-A39F-3F9ADAC23568}"
EndProject
Project("{FAE04EC0-301F-11D3-BF4B-00C04F79EFBC}") = "SudokuSolver.UnitTests", "SudokuSolver.UnitTests\SudokuSolver.UnitTests.csproj", "{FCEB19D3-903A-4F2B-9A09-1F55E60D498F}"
EndProject
Project("{FAE04EC0-301F-11D3-BF4B-00C04F79EFBC}") = "SudokuSolver.Interfaces", "SudokuSolver.Interfaces\SudokuSolver.Interfaces.csproj", "{56DBAD87-6411-4773-BDD5-5C3ED8BEDE00}"
EndProject
Global
	GlobalSection(SolutionConfigurationPlatforms) = preSolution
		Debug|Any CPU = Debug|Any CPU
		Release|Any CPU = Release|Any CPU
	EndGlobalSection
	GlobalSection(ProjectConfigurationPlatforms) = postSolution
		{A32267A8-5EE0-40E6-A5E3-2930F70E52A1}.Debug|Any CPU.ActiveCfg = Debug|Any CPU
		{A32267A8-5EE0-40E6-A5E3-2930F70E52A1}.Debug|Any CPU.Build.0 = Debug|Any CPU
		{A32267A8-5EE0-40E6-A5E3-2930F70E52A1}.Release|Any CPU.ActiveCfg = Release|Any CPU
		{A32267A8-5EE0-40E6-A5E3-2930F70E52A1}.Release|Any CPU.Build.0 = Release|Any CPU
		{BAD315E5-4677-4964-A39F-3F9ADAC23568}.Debug|Any CPU.ActiveCfg = Debug|Any CPU
		{BAD315E5-4677-4964-A39F-3F9ADAC23568}.Debug|Any CPU.Build.0 = Debug|Any CPU
		{BAD315E5-4677-4964-A39F-3F9ADAC23568}.Release|Any CPU.ActiveCfg = Release|Any CPU
		{BAD315E5-4677-4964-A39F-3F9ADAC23568}.Release|Any CPU.Build.0 = Release|Any CPU
		{FCEB19D3-903A-4F2B-9A09-1F55E60D498F}.Debug|Any CPU.ActiveCfg = Debug|Any CPU
		{FCEB19D3-903A-4F2B-9A09-1F55E60D498F}.Debug|Any CPU.Build.0 = Debug|Any CPU
		{FCEB19D3-903A-4F2B-9A09-1F55E60D498F}.Release|Any CPU.ActiveCfg = Release|Any CPU
		{FCEB19D3-903A-4F2B-9A09-1F55E60D498F}.Release|Any CPU.Build.0 = Release|Any CPU
		{56DBAD87-6411-4773-BDD5-5C3ED8BEDE00}.Debug|Any CPU.ActiveCfg = Debug|Any CPU
		{56DBAD87-6411-4773-BDD5-5C3ED8BEDE00}.Debug|Any CPU.Build.0 = Debug|Any CPU
		{56DBAD87-6411-4773-BDD5-5C3ED8BEDE00}.Release|Any CPU.ActiveCfg = Release|Any CPU
		{56DBAD87-6411-4773-BDD5-5C3ED8BEDE00}.Release|Any CPU.Build.0 = Release|Any CPU
	EndGlobalSection
	GlobalSection(SolutionProperties) = preSolution
		HideSolutionNode = FALSE
	EndGlobalSection
	GlobalSection(ExtensibilityGlobals) = postSolution
		SolutionGuid = {9DB89FF8-A400-457B-9F60-CC00F5332127}
	EndGlobalSection
EndGlobal
